
Microsoft Visual Studio Solution File, Format Version 12.00
# Visual Studio Version 17
VisualStudioVersion = 17.4.33110.190
MinimumVisualStudioVersion = 10.0.40219.1
Project("{FAE04EC0-301F-11D3-BF4B-00C04F79EFBC}") = "SpartElite", "SpartElite\SpartElite.csproj", "{0D54B1D9-107A-496E-B2AA-B5172F2C29E6}"
EndProject
Project("{FAE04EC0-301F-11D3-BF4B-00C04F79EFBC}") = "SpartElite.Tests", "SpartElite.Tests\SpartElite.Tests.csproj", "{8E0C1CF1-7A1A-4517-AF27-FBB6EAC336E3}"
EndProject
Global
	GlobalSection(SolutionConfigurationPlatforms) = preSolution
		Debug|Any CPU = Debug|Any CPU
		Release|Any CPU = Release|Any CPU
	EndGlobalSection
	GlobalSection(ProjectConfigurationPlatforms) = postSolution
		{0D54B1D9-107A-496E-B2AA-B5172F2C29E6}.Debug|Any CPU.ActiveCfg = Debug|Any CPU
		{0D54B1D9-107A-496E-B2AA-B5172F2C29E6}.Debug|Any CPU.Build.0 = Debug|Any CPU
		{0D54B1D9-107A-496E-B2AA-B5172F2C29E6}.Release|Any CPU.ActiveCfg = Release|Any CPU
		{0D54B1D9-107A-496E-B2AA-B5172F2C29E6}.Release|Any CPU.Build.0 = Release|Any CPU
		{8E0C1CF1-7A1A-4517-AF27-FBB6EAC336E3}.Debug|Any CPU.ActiveCfg = Debug|Any CPU
		{8E0C1CF1-7A1A-4517-AF27-FBB6EAC336E3}.Debug|Any CPU.Build.0 = Debug|Any CPU
		{8E0C1CF1-7A1A-4517-AF27-FBB6EAC336E3}.Release|Any CPU.ActiveCfg = Release|Any CPU
		{8E0C1CF1-7A1A-4517-AF27-FBB6EAC336E3}.Release|Any CPU.Build.0 = Release|Any CPU
	EndGlobalSection
	GlobalSection(SolutionProperties) = preSolution
		HideSolutionNode = FALSE
	EndGlobalSection
	GlobalSection(ExtensibilityGlobals) = postSolution
		SolutionGuid = {37BDDD2C-7A35-4A36-B939-F6488009E68F}
	EndGlobalSection
EndGlobal
